
Microsoft Visual Studio Solution File, Format Version 12.00
# Visual Studio Version 16
VisualStudioVersion = 16.0.29215.179
MinimumVisualStudioVersion = 10.0.40219.1
Project("{8BC9CEB8-8B4A-11D0-8D11-00A0C91BC942}") = "OS1", "OS\OS.vcxproj", "{F34956ED-424D-4DDE-9411-E81D2B39525F}"
EndProject
Project("{8BC9CEB8-8B4A-11D0-8D11-00A0C91BC942}") = "OS2", "OS2\OS2.vcxproj", "{7F8EE44D-1427-452A-9CB0-577FA8CE60D2}"
EndProject
Project("{8BC9CEB8-8B4A-11D0-8D11-00A0C91BC942}") = "OS3", "OS3\OS3.vcxproj", "{A18E6C08-08E2-4EEF-BD6C-A3C69B52DFA8}"
EndProject
Project("{8BC9CEB8-8B4A-11D0-8D11-00A0C91BC942}") = "OS4", "OS4\OS4.vcxproj", "{3C6C4872-2217-46A2-AD6C-1393C3DC9F27}"
EndProject
Global
	GlobalSection(SolutionConfigurationPlatforms) = preSolution
		Debug|x64 = Debug|x64
		Debug|x86 = Debug|x86
		Release|x64 = Release|x64
		Release|x86 = Release|x86
	EndGlobalSection
	GlobalSection(ProjectConfigurationPlatforms) = postSolution
		{F34956ED-424D-4DDE-9411-E81D2B39525F}.Debug|x64.ActiveCfg = Debug|x64
		{F34956ED-424D-4DDE-9411-E81D2B39525F}.Debug|x64.Build.0 = Debug|x64
		{F34956ED-424D-4DDE-9411-E81D2B39525F}.Debug|x86.ActiveCfg = Debug|Win32
		{F34956ED-424D-4DDE-9411-E81D2B39525F}.Debug|x86.Build.0 = Debug|Win32
		{F34956ED-424D-4DDE-9411-E81D2B39525F}.Release|x64.ActiveCfg = Release|x64
		{F34956ED-424D-4DDE-9411-E81D2B39525F}.Release|x64.Build.0 = Release|x64
		{F34956ED-424D-4DDE-9411-E81D2B39525F}.Release|x86.ActiveCfg = Release|Win32
		{F34956ED-424D-4DDE-9411-E81D2B39525F}.Release|x86.Build.0 = Release|Win32
		{7F8EE44D-1427-452A-9CB0-577FA8CE60D2}.Debug|x64.ActiveCfg = Debug|x64
		{7F8EE44D-1427-452A-9CB0-577FA8CE60D2}.Debug|x64.Build.0 = Debug|x64
		{7F8EE44D-1427-452A-9CB0-577FA8CE60D2}.Debug|x86.ActiveCfg = Debug|Win32
		{7F8EE44D-1427-452A-9CB0-577FA8CE60D2}.Debug|x86.Build.0 = Debug|Win32
		{7F8EE44D-1427-452A-9CB0-577FA8CE60D2}.Release|x64.ActiveCfg = Release|x64
		{7F8EE44D-1427-452A-9CB0-577FA8CE60D2}.Release|x64.Build.0 = Release|x64
		{7F8EE44D-1427-452A-9CB0-577FA8CE60D2}.Release|x86.ActiveCfg = Release|Win32
		{7F8EE44D-1427-452A-9CB0-577FA8CE60D2}.Release|x86.Build.0 = Release|Win32
		{A18E6C08-08E2-4EEF-BD6C-A3C69B52DFA8}.Debug|x64.ActiveCfg = Debug|x64
		{A18E6C08-08E2-4EEF-BD6C-A3C69B52DFA8}.Debug|x64.Build.0 = Debug|x64
		{A18E6C08-08E2-4EEF-BD6C-A3C69B52DFA8}.Debug|x86.ActiveCfg = Debug|Win32
		{A18E6C08-08E2-4EEF-BD6C-A3C69B52DFA8}.Debug|x86.Build.0 = Debug|Win32
		{A18E6C08-08E2-4EEF-BD6C-A3C69B52DFA8}.Release|x64.ActiveCfg = Release|x64
		{A18E6C08-08E2-4EEF-BD6C-A3C69B52DFA8}.Release|x64.Build.0 = Release|x64
		{A18E6C08-08E2-4EEF-BD6C-A3C69B52DFA8}.Release|x86.ActiveCfg = Release|Win32
		{A18E6C08-08E2-4EEF-BD6C-A3C69B52DFA8}.Release|x86.Build.0 = Release|Win32
		{3C6C4872-2217-46A2-AD6C-1393C3DC9F27}.Debug|x64.ActiveCfg = Debug|x64
		{3C6C4872-2217-46A2-AD6C-1393C3DC9F27}.Debug|x64.Build.0 = Debug|x64
		{3C6C4872-2217-46A2-AD6C-1393C3DC9F27}.Debug|x86.ActiveCfg = Debug|Win32
		{3C6C4872-2217-46A2-AD6C-1393C3DC9F27}.Debug|x86.Build.0 = Debug|Win32
		{3C6C4872-2217-46A2-AD6C-1393C3DC9F27}.Release|x64.ActiveCfg = Release|x64
		{3C6C4872-2217-46A2-AD6C-1393C3DC9F27}.Release|x64.Build.0 = Release|x64
		{3C6C4872-2217-46A2-AD6C-1393C3DC9F27}.Release|x86.ActiveCfg = Release|Win32
		{3C6C4872-2217-46A2-AD6C-1393C3DC9F27}.Release|x86.Build.0 = Release|Win32
	EndGlobalSection
	GlobalSection(SolutionProperties) = preSolution
		HideSolutionNode = FALSE
	EndGlobalSection
	GlobalSection(ExtensibilityGlobals) = postSolution
		SolutionGuid = {96028118-C1FF-4B40-87C6-00765527C328}
	EndGlobalSection
EndGlobal
